
Microsoft Visual Studio Solution File, Format Version 12.00
# Visual Studio Version 17
VisualStudioVersion = 17.8.34309.116
MinimumVisualStudioVersion = 10.0.40219.1
Project("{FAE04EC0-301F-11D3-BF4B-00C04F79EFBC}") = "Actividad6.REPORTE", "Actividad6.REPORTE\Actividad6.REPORTE.csproj", "{B4541ECB-D31C-40F5-B3DD-EAD340EFA101}"
EndProject
Global
	GlobalSection(SolutionConfigurationPlatforms) = preSolution
		Debug|Any CPU = Debug|Any CPU
		Release|Any CPU = Release|Any CPU
	EndGlobalSection
	GlobalSection(ProjectConfigurationPlatforms) = postSolution
		{B4541ECB-D31C-40F5-B3DD-EAD340EFA101}.Debug|Any CPU.ActiveCfg = Debug|Any CPU
		{B4541ECB-D31C-40F5-B3DD-EAD340EFA101}.Debug|Any CPU.Build.0 = Debug|Any CPU
		{B4541ECB-D31C-40F5-B3DD-EAD340EFA101}.Release|Any CPU.ActiveCfg = Release|Any CPU
		{B4541ECB-D31C-40F5-B3DD-EAD340EFA101}.Release|Any CPU.Build.0 = Release|Any CPU
	EndGlobalSection
	GlobalSection(SolutionProperties) = preSolution
		HideSolutionNode = FALSE
	EndGlobalSection
	GlobalSection(ExtensibilityGlobals) = postSolution
		SolutionGuid = {14F24DCE-5230-4D47-A9F3-E2F88E09DD87}
	EndGlobalSection
EndGlobal
